// !$*UTF8*$!
{
	archiveVersion = 1;
	classes = {
	};
	objectVersion = 55;
	objects = {

/* Begin PBXBuildFile section */
		501E59682ACC2EEF00D290CA /* CustomTextField.swift in Sources */ = {isa = PBXBuildFile; fileRef = 501E59672ACC2EEF00D290CA /* CustomTextField.swift */; };
		503112032ACEDC6100292E77 /* SettingCellViewModel.swift in Sources */ = {isa = PBXBuildFile; fileRef = 503112022ACEDC6100292E77 /* SettingCellViewModel.swift */; };
		503112052ACEE96100292E77 /* EditProfileView.swift in Sources */ = {isa = PBXBuildFile; fileRef = 503112042ACEE96100292E77 /* EditProfileView.swift */; };
		50B4E26B2ACAD38E002647F0 /* ProjectIosApp.swift in Sources */ = {isa = PBXBuildFile; fileRef = 50B4E25B2ACAD38D002647F0 /* ProjectIosApp.swift */; };
		50B4E26C2ACAD38E002647F0 /* ProjectIosApp.swift in Sources */ = {isa = PBXBuildFile; fileRef = 50B4E25B2ACAD38D002647F0 /* ProjectIosApp.swift */; };
		50B4E26D2ACAD38E002647F0 /* ContentView.swift in Sources */ = {isa = PBXBuildFile; fileRef = 50B4E25C2ACAD38D002647F0 /* ContentView.swift */; };
		50B4E26E2ACAD38E002647F0 /* ContentView.swift in Sources */ = {isa = PBXBuildFile; fileRef = 50B4E25C2ACAD38D002647F0 /* ContentView.swift */; };
		50B4E26F2ACAD38E002647F0 /* Assets.xcassets in Resources */ = {isa = PBXBuildFile; fileRef = 50B4E25D2ACAD38E002647F0 /* Assets.xcassets */; };
		50B4E2702ACAD38E002647F0 /* Assets.xcassets in Resources */ = {isa = PBXBuildFile; fileRef = 50B4E25D2ACAD38E002647F0 /* Assets.xcassets */; };
		50C6D2A32ACC140200E90D7F /* LogginView.swift in Sources */ = {isa = PBXBuildFile; fileRef = 50C6D2A22ACC140200E90D7F /* LogginView.swift */; };
		50C6D2A52ACC141000E90D7F /* RegistrationView.swift in Sources */ = {isa = PBXBuildFile; fileRef = 50C6D2A42ACC141000E90D7F /* RegistrationView.swift */; };
		50D11B5B2ACEB65A003890AE /* ChannelsView.swift in Sources */ = {isa = PBXBuildFile; fileRef = 50D11B5A2ACEB65A003890AE /* ChannelsView.swift */; };
		50D11B5D2ACEB669003890AE /* SettingsView.swift in Sources */ = {isa = PBXBuildFile; fileRef = 50D11B5C2ACEB669003890AE /* SettingsView.swift */; };
		50D11B5F2ACEB674003890AE /* ChatView.swift in Sources */ = {isa = PBXBuildFile; fileRef = 50D11B5E2ACEB674003890AE /* ChatView.swift */; };
		50D11B622ACEB69F003890AE /* ConversationView.swift in Sources */ = {isa = PBXBuildFile; fileRef = 50D11B612ACEB69F003890AE /* ConversationView.swift */; };
		50D11B642ACEB719003890AE /* MainTabView.swift in Sources */ = {isa = PBXBuildFile; fileRef = 50D11B632ACEB719003890AE /* MainTabView.swift */; };
		50D11B662ACEBCF0003890AE /* SettingsHeaderView.swift in Sources */ = {isa = PBXBuildFile; fileRef = 50D11B652ACEBCF0003890AE /* SettingsHeaderView.swift */; };
		50D11B682ACEBFDD003890AE /* SettingsCell.swift in Sources */ = {isa = PBXBuildFile; fileRef = 50D11B672ACEBFDD003890AE /* SettingsCell.swift */; };
/* End PBXBuildFile section */

/* Begin PBXFileReference section */
		501E59672ACC2EEF00D290CA /* CustomTextField.swift */ = {isa = PBXFileReference; lastKnownFileType = sourcecode.swift; path = CustomTextField.swift; sourceTree = "<group>"; };
		503112022ACEDC6100292E77 /* SettingCellViewModel.swift */ = {isa = PBXFileReference; lastKnownFileType = sourcecode.swift; path = SettingCellViewModel.swift; sourceTree = "<group>"; };
		503112042ACEE96100292E77 /* EditProfileView.swift */ = {isa = PBXFileReference; lastKnownFileType = sourcecode.swift; path = EditProfileView.swift; sourceTree = "<group>"; };
		50B4E25B2ACAD38D002647F0 /* ProjectIosApp.swift */ = {isa = PBXFileReference; lastKnownFileType = sourcecode.swift; path = ProjectIosApp.swift; sourceTree = "<group>"; };
		50B4E25C2ACAD38D002647F0 /* ContentView.swift */ = {isa = PBXFileReference; lastKnownFileType = sourcecode.swift; path = ContentView.swift; sourceTree = "<group>"; };
		50B4E25D2ACAD38E002647F0 /* Assets.xcassets */ = {isa = PBXFileReference; lastKnownFileType = folder.assetcatalog; path = Assets.xcassets; sourceTree = "<group>"; };
		50B4E2622ACAD38E002647F0 /* ProjectIos.app */ = {isa = PBXFileReference; explicitFileType = wrapper.application; includeInIndex = 0; path = ProjectIos.app; sourceTree = BUILT_PRODUCTS_DIR; };
		50B4E2682ACAD38E002647F0 /* ProjectIos.app */ = {isa = PBXFileReference; explicitFileType = wrapper.application; includeInIndex = 0; path = ProjectIos.app; sourceTree = BUILT_PRODUCTS_DIR; };
		50B4E26A2ACAD38E002647F0 /* macOS.entitlements */ = {isa = PBXFileReference; lastKnownFileType = text.plist.entitlements; path = macOS.entitlements; sourceTree = "<group>"; };
		50C6D2A22ACC140200E90D7F /* LogginView.swift */ = {isa = PBXFileReference; lastKnownFileType = sourcecode.swift; path = LogginView.swift; sourceTree = "<group>"; };
		50C6D2A42ACC141000E90D7F /* RegistrationView.swift */ = {isa = PBXFileReference; lastKnownFileType = sourcecode.swift; path = RegistrationView.swift; sourceTree = "<group>"; };
		50D11B5A2ACEB65A003890AE /* ChannelsView.swift */ = {isa = PBXFileReference; lastKnownFileType = sourcecode.swift; path = ChannelsView.swift; sourceTree = "<group>"; };
		50D11B5C2ACEB669003890AE /* SettingsView.swift */ = {isa = PBXFileReference; lastKnownFileType = sourcecode.swift; path = SettingsView.swift; sourceTree = "<group>"; };
		50D11B5E2ACEB674003890AE /* ChatView.swift */ = {isa = PBXFileReference; lastKnownFileType = sourcecode.swift; path = ChatView.swift; sourceTree = "<group>"; };
		50D11B612ACEB69F003890AE /* ConversationView.swift */ = {isa = PBXFileReference; lastKnownFileType = sourcecode.swift; path = ConversationView.swift; sourceTree = "<group>"; };
		50D11B632ACEB719003890AE /* MainTabView.swift */ = {isa = PBXFileReference; lastKnownFileType = sourcecode.swift; path = MainTabView.swift; sourceTree = "<group>"; };
		50D11B652ACEBCF0003890AE /* SettingsHeaderView.swift */ = {isa = PBXFileReference; lastKnownFileType = sourcecode.swift; path = SettingsHeaderView.swift; sourceTree = "<group>"; };
		50D11B672ACEBFDD003890AE /* SettingsCell.swift */ = {isa = PBXFileReference; lastKnownFileType = sourcecode.swift; path = SettingsCell.swift; sourceTree = "<group>"; };
/* End PBXFileReference section */

/* Begin PBXFrameworksBuildPhase section */
		50B4E25F2ACAD38E002647F0 /* Frameworks */ = {
			isa = PBXFrameworksBuildPhase;
			buildActionMask = 2147483647;
			files = (
			);
			runOnlyForDeploymentPostprocessing = 0;
		};
		50B4E2652ACAD38E002647F0 /* Frameworks */ = {
			isa = PBXFrameworksBuildPhase;
			buildActionMask = 2147483647;
			files = (
			);
			runOnlyForDeploymentPostprocessing = 0;
		};
/* End PBXFrameworksBuildPhase section */

/* Begin PBXGroup section */
		50B4E2552ACAD38D002647F0 = {
			isa = PBXGroup;
			children = (
				50B4E25A2ACAD38D002647F0 /* Shared */,
				50B4E2692ACAD38E002647F0 /* macOS */,
				50B4E2632ACAD38E002647F0 /* Products */,
			);
			sourceTree = "<group>";
		};
		50B4E25A2ACAD38D002647F0 /* Shared */ = {
			isa = PBXGroup;
			children = (
				50B4E27D2ACAD501002647F0 /* Model */,
				50B4E27C2ACAD4FC002647F0 /* View */,
				50B4E27B2ACAD4F7002647F0 /* ViewModel */,
				50B4E27A2ACAD4F2002647F0 /* API */,
				50B4E2792ACAD4CB002647F0 /* Utils */,
				50B4E25B2ACAD38D002647F0 /* ProjectIosApp.swift */,
				50B4E25C2ACAD38D002647F0 /* ContentView.swift */,
				50B4E25D2ACAD38E002647F0 /* Assets.xcassets */,
			);
			path = Shared;
			sourceTree = "<group>";
		};
		50B4E2632ACAD38E002647F0 /* Products */ = {
			isa = PBXGroup;
			children = (
				50B4E2622ACAD38E002647F0 /* ProjectIos.app */,
				50B4E2682ACAD38E002647F0 /* ProjectIos.app */,
			);
			name = Products;
			sourceTree = "<group>";
		};
		50B4E2692ACAD38E002647F0 /* macOS */ = {
			isa = PBXGroup;
			children = (
				50B4E26A2ACAD38E002647F0 /* macOS.entitlements */,
			);
			path = macOS;
			sourceTree = "<group>";
		};
		50B4E2792ACAD4CB002647F0 /* Utils */ = {
			isa = PBXGroup;
			children = (
				501E59672ACC2EEF00D290CA /* CustomTextField.swift */,
			);
			path = Utils;
			sourceTree = "<group>";
		};
		50B4E27A2ACAD4F2002647F0 /* API */ = {
			isa = PBXGroup;
			children = (
			);
			path = API;
			sourceTree = "<group>";
		};
		50B4E27B2ACAD4F7002647F0 /* ViewModel */ = {
			isa = PBXGroup;
			children = (
				503112022ACEDC6100292E77 /* SettingCellViewModel.swift */,
			);
			path = ViewModel;
			sourceTree = "<group>";
		};
		50B4E27C2ACAD4FC002647F0 /* View */ = {
			isa = PBXGroup;
			children = (
				50D11B602ACEB681003890AE /* Conversation */,
				50D11B592ACEB647003890AE /* Chats */,
				50D11B582ACEB63D003890AE /* Settings */,
				50D11B572ACEB628003890AE /* Channels */,
				50D11B542ACEB3F0003890AE /* Main */,
				50C6D2A12ACC13DB00E90D7F /* Authentication */,
			);
			path = View;
			sourceTree = "<group>";
		};
		50B4E27D2ACAD501002647F0 /* Model */ = {
			isa = PBXGroup;
			children = (
			);
			path = Model;
			sourceTree = "<group>";
		};
		50C6D2A12ACC13DB00E90D7F /* Authentication */ = {
			isa = PBXGroup;
			children = (
				50C6D2A22ACC140200E90D7F /* LogginView.swift */,
				50C6D2A42ACC141000E90D7F /* RegistrationView.swift */,
			);
			path = Authentication;
			sourceTree = "<group>";
		};
		50D11B542ACEB3F0003890AE /* Main */ = {
			isa = PBXGroup;
			children = (
				50D11B632ACEB719003890AE /* MainTabView.swift */,
			);
			path = Main;
			sourceTree = "<group>";
		};
		50D11B572ACEB628003890AE /* Channels */ = {
			isa = PBXGroup;
			children = (
				50D11B5A2ACEB65A003890AE /* ChannelsView.swift */,
			);
			path = Channels;
			sourceTree = "<group>";
		};
		50D11B582ACEB63D003890AE /* Settings */ = {
			isa = PBXGroup;
			children = (
				50D11B5C2ACEB669003890AE /* SettingsView.swift */,
				50D11B652ACEBCF0003890AE /* SettingsHeaderView.swift */,
				50D11B672ACEBFDD003890AE /* SettingsCell.swift */,
				503112042ACEE96100292E77 /* EditProfileView.swift */,
			);
			path = Settings;
			sourceTree = "<group>";
		};
		50D11B592ACEB647003890AE /* Chats */ = {
			isa = PBXGroup;
			children = (
				50D11B5E2ACEB674003890AE /* ChatView.swift */,
			);
			path = Chats;
			sourceTree = "<group>";
		};
		50D11B602ACEB681003890AE /* Conversation */ = {
			isa = PBXGroup;
			children = (
				50D11B612ACEB69F003890AE /* ConversationView.swift */,
			);
			path = Conversation;
			sourceTree = "<group>";
		};
/* End PBXGroup section */

/* Begin PBXNativeTarget section */
		50B4E2612ACAD38E002647F0 /* ProjectIos (iOS) */ = {
			isa = PBXNativeTarget;
			buildConfigurationList = 50B4E2732ACAD38E002647F0 /* Build configuration list for PBXNativeTarget "ProjectIos (iOS)" */;
			buildPhases = (
				50B4E25E2ACAD38E002647F0 /* Sources */,
				50B4E25F2ACAD38E002647F0 /* Frameworks */,
				50B4E2602ACAD38E002647F0 /* Resources */,
			);
			buildRules = (
			);
			dependencies = (
			);
			name = "ProjectIos (iOS)";
			productName = "ProjectIos (iOS)";
			productReference = 50B4E2622ACAD38E002647F0 /* ProjectIos.app */;
			productType = "com.apple.product-type.application";
		};
		50B4E2672ACAD38E002647F0 /* ProjectIos (macOS) */ = {
			isa = PBXNativeTarget;
			buildConfigurationList = 50B4E2762ACAD38E002647F0 /* Build configuration list for PBXNativeTarget "ProjectIos (macOS)" */;
			buildPhases = (
				50B4E2642ACAD38E002647F0 /* Sources */,
				50B4E2652ACAD38E002647F0 /* Frameworks */,
				50B4E2662ACAD38E002647F0 /* Resources */,
			);
			buildRules = (
			);
			dependencies = (
			);
			name = "ProjectIos (macOS)";
			productName = "ProjectIos (macOS)";
			productReference = 50B4E2682ACAD38E002647F0 /* ProjectIos.app */;
			productType = "com.apple.product-type.application";
		};
/* End PBXNativeTarget section */

/* Begin PBXProject section */
		50B4E2562ACAD38D002647F0 /* Project object */ = {
			isa = PBXProject;
			attributes = {
				BuildIndependentTargetsInParallel = 1;
				LastSwiftUpdateCheck = 1320;
				LastUpgradeCheck = 1320;
				TargetAttributes = {
					50B4E2612ACAD38E002647F0 = {
						CreatedOnToolsVersion = 13.2.1;
					};
					50B4E2672ACAD38E002647F0 = {
						CreatedOnToolsVersion = 13.2.1;
					};
				};
			};
			buildConfigurationList = 50B4E2592ACAD38D002647F0 /* Build configuration list for PBXProject "ProjectIos" */;
			compatibilityVersion = "Xcode 13.0";
			developmentRegion = en;
			hasScannedForEncodings = 0;
			knownRegions = (
				en,
				Base,
			);
			mainGroup = 50B4E2552ACAD38D002647F0;
			productRefGroup = 50B4E2632ACAD38E002647F0 /* Products */;
			projectDirPath = "";
			projectRoot = "";
			targets = (
				50B4E2612ACAD38E002647F0 /* ProjectIos (iOS) */,
				50B4E2672ACAD38E002647F0 /* ProjectIos (macOS) */,
			);
		};
/* End PBXProject section */

/* Begin PBXResourcesBuildPhase section */
		50B4E2602ACAD38E002647F0 /* Resources */ = {
			isa = PBXResourcesBuildPhase;
			buildActionMask = 2147483647;
			files = (
				50B4E26F2ACAD38E002647F0 /* Assets.xcassets in Resources */,
			);
			runOnlyForDeploymentPostprocessing = 0;
		};
		50B4E2662ACAD38E002647F0 /* Resources */ = {
			isa = PBXResourcesBuildPhase;
			buildActionMask = 2147483647;
			files = (
				50B4E2702ACAD38E002647F0 /* Assets.xcassets in Resources */,
			);
			runOnlyForDeploymentPostprocessing = 0;
		};
/* End PBXResourcesBuildPhase section */

/* Begin PBXSourcesBuildPhase section */
		50B4E25E2ACAD38E002647F0 /* Sources */ = {
			isa = PBXSourcesBuildPhase;
			buildActionMask = 2147483647;
			files = (
				503112052ACEE96100292E77 /* EditProfileView.swift in Sources */,
				50B4E26D2ACAD38E002647F0 /* ContentView.swift in Sources */,
				50D11B5D2ACEB669003890AE /* SettingsView.swift in Sources */,
				50D11B682ACEBFDD003890AE /* SettingsCell.swift in Sources */,
				503112032ACEDC6100292E77 /* SettingCellViewModel.swift in Sources */,
				50D11B5B2ACEB65A003890AE /* ChannelsView.swift in Sources */,
				50D11B662ACEBCF0003890AE /* SettingsHeaderView.swift in Sources */,
				50B4E26B2ACAD38E002647F0 /* ProjectIosApp.swift in Sources */,
				50D11B5F2ACEB674003890AE /* ChatView.swift in Sources */,
				50C6D2A32ACC140200E90D7F /* LogginView.swift in Sources */,
				50C6D2A52ACC141000E90D7F /* RegistrationView.swift in Sources */,
				501E59682ACC2EEF00D290CA /* CustomTextField.swift in Sources */,
				50D11B622ACEB69F003890AE /* ConversationView.swift in Sources */,
				50D11B642ACEB719003890AE /* MainTabView.swift in Sources */,
			);
			runOnlyForDeploymentPostprocessing = 0;
		};
		50B4E2642ACAD38E002647F0 /* Sources */ = {
			isa = PBXSourcesBuildPhase;
			buildActionMask = 2147483647;
			files = (
				50B4E26E2ACAD38E002647F0 /* ContentView.swift in Sources */,
				50B4E26C2ACAD38E002647F0 /* ProjectIosApp.swift in Sources */,
			);
			runOnlyForDeploymentPostprocessing = 0;
		};
/* End PBXSourcesBuildPhase section */

/* Begin XCBuildConfiguration section */
		50B4E2712ACAD38E002647F0 /* Debug */ = {
			isa = XCBuildConfiguration;
			buildSettings = {
				ALWAYS_SEARCH_USER_PATHS = NO;
				CLANG_ANALYZER_NONNULL = YES;
				CLANG_ANALYZER_NUMBER_OBJECT_CONVERSION = YES_AGGRESSIVE;
				CLANG_CXX_LANGUAGE_STANDARD = "gnu++17";
				CLANG_CXX_LIBRARY = "libc++";
				CLANG_ENABLE_MODULES = YES;
				CLANG_ENABLE_OBJC_ARC = YES;
				CLANG_ENABLE_OBJC_WEAK = YES;
				CLANG_WARN_BLOCK_CAPTURE_AUTORELEASING = YES;
				CLANG_WARN_BOOL_CONVERSION = YES;
				CLANG_WARN_COMMA = YES;
				CLANG_WARN_CONSTANT_CONVERSION = YES;
				CLANG_WARN_DEPRECATED_OBJC_IMPLEMENTATIONS = YES;
				CLANG_WARN_DIRECT_OBJC_ISA_USAGE = YES_ERROR;
				CLANG_WARN_DOCUMENTATION_COMMENTS = YES;
				CLANG_WARN_EMPTY_BODY = YES;
				CLANG_WARN_ENUM_CONVERSION = YES;
				CLANG_WARN_INFINITE_RECURSION = YES;
				CLANG_WARN_INT_CONVERSION = YES;
				CLANG_WARN_NON_LITERAL_NULL_CONVERSION = YES;
				CLANG_WARN_OBJC_IMPLICIT_RETAIN_SELF = YES;
				CLANG_WARN_OBJC_LITERAL_CONVERSION = YES;
				CLANG_WARN_OBJC_ROOT_CLASS = YES_ERROR;
				CLANG_WARN_QUOTED_INCLUDE_IN_FRAMEWORK_HEADER = YES;
				CLANG_WARN_RANGE_LOOP_ANALYSIS = YES;
				CLANG_WARN_STRICT_PROTOTYPES = YES;
				CLANG_WARN_SUSPICIOUS_MOVE = YES;
				CLANG_WARN_UNGUARDED_AVAILABILITY = YES_AGGRESSIVE;
				CLANG_WARN_UNREACHABLE_CODE = YES;
				CLANG_WARN__DUPLICATE_METHOD_MATCH = YES;
				COPY_PHASE_STRIP = NO;
				DEBUG_INFORMATION_FORMAT = dwarf;
				ENABLE_STRICT_OBJC_MSGSEND = YES;
				ENABLE_TESTABILITY = YES;
				GCC_C_LANGUAGE_STANDARD = gnu11;
				GCC_DYNAMIC_NO_PIC = NO;
				GCC_NO_COMMON_BLOCKS = YES;
				GCC_OPTIMIZATION_LEVEL = 0;
				GCC_PREPROCESSOR_DEFINITIONS = (
					"DEBUG=1",
					"$(inherited)",
				);
				GCC_WARN_64_TO_32_BIT_CONVERSION = YES;
				GCC_WARN_ABOUT_RETURN_TYPE = YES_ERROR;
				GCC_WARN_UNDECLARED_SELECTOR = YES;
				GCC_WARN_UNINITIALIZED_AUTOS = YES_AGGRESSIVE;
				GCC_WARN_UNUSED_FUNCTION = YES;
				GCC_WARN_UNUSED_VARIABLE = YES;
				MTL_ENABLE_DEBUG_INFO = INCLUDE_SOURCE;
				MTL_FAST_MATH = YES;
				ONLY_ACTIVE_ARCH = YES;
				SWIFT_ACTIVE_COMPILATION_CONDITIONS = DEBUG;
				SWIFT_OPTIMIZATION_LEVEL = "-Onone";
			};
			name = Debug;
		};
		50B4E2722ACAD38E002647F0 /* Release */ = {
			isa = XCBuildConfiguration;
			buildSettings = {
				ALWAYS_SEARCH_USER_PATHS = NO;
				CLANG_ANALYZER_NONNULL = YES;
				CLANG_ANALYZER_NUMBER_OBJECT_CONVERSION = YES_AGGRESSIVE;
				CLANG_CXX_LANGUAGE_STANDARD = "gnu++17";
				CLANG_CXX_LIBRARY = "libc++";
				CLANG_ENABLE_MODULES = YES;
				CLANG_ENABLE_OBJC_ARC = YES;
				CLANG_ENABLE_OBJC_WEAK = YES;
				CLANG_WARN_BLOCK_CAPTURE_AUTORELEASING = YES;
				CLANG_WARN_BOOL_CONVERSION = YES;
				CLANG_WARN_COMMA = YES;
				CLANG_WARN_CONSTANT_CONVERSION = YES;
				CLANG_WARN_DEPRECATED_OBJC_IMPLEMENTATIONS = YES;
				CLANG_WARN_DIRECT_OBJC_ISA_USAGE = YES_ERROR;
				CLANG_WARN_DOCUMENTATION_COMMENTS = YES;
				CLANG_WARN_EMPTY_BODY = YES;
				CLANG_WARN_ENUM_CONVERSION = YES;
				CLANG_WARN_INFINITE_RECURSION = YES;
				CLANG_WARN_INT_CONVERSION = YES;
				CLANG_WARN_NON_LITERAL_NULL_CONVERSION = YES;
				CLANG_WARN_OBJC_IMPLICIT_RETAIN_SELF = YES;
				CLANG_WARN_OBJC_LITERAL_CONVERSION = YES;
				CLANG_WARN_OBJC_ROOT_CLASS = YES_ERROR;
				CLANG_WARN_QUOTED_INCLUDE_IN_FRAMEWORK_HEADER = YES;
				CLANG_WARN_RANGE_LOOP_ANALYSIS = YES;
				CLANG_WARN_STRICT_PROTOTYPES = YES;
				CLANG_WARN_SUSPICIOUS_MOVE = YES;
				CLANG_WARN_UNGUARDED_AVAILABILITY = YES_AGGRESSIVE;
				CLANG_WARN_UNREACHABLE_CODE = YES;
				CLANG_WARN__DUPLICATE_METHOD_MATCH = YES;
				COPY_PHASE_STRIP = NO;
				DEBUG_INFORMATION_FORMAT = "dwarf-with-dsym";
				ENABLE_NS_ASSERTIONS = NO;
				ENABLE_STRICT_OBJC_MSGSEND = YES;
				GCC_C_LANGUAGE_STANDARD = gnu11;
				GCC_NO_COMMON_BLOCKS = YES;
				GCC_WARN_64_TO_32_BIT_CONVERSION = YES;
				GCC_WARN_ABOUT_RETURN_TYPE = YES_ERROR;
				GCC_WARN_UNDECLARED_SELECTOR = YES;
				GCC_WARN_UNINITIALIZED_AUTOS = YES_AGGRESSIVE;
				GCC_WARN_UNUSED_FUNCTION = YES;
				GCC_WARN_UNUSED_VARIABLE = YES;
				MTL_ENABLE_DEBUG_INFO = NO;
				MTL_FAST_MATH = YES;
				SWIFT_COMPILATION_MODE = wholemodule;
				SWIFT_OPTIMIZATION_LEVEL = "-O";
			};
			name = Release;
		};
		50B4E2742ACAD38E002647F0 /* Debug */ = {
			isa = XCBuildConfiguration;
			buildSettings = {
				ASSETCATALOG_COMPILER_APPICON_NAME = AppIcon;
				ASSETCATALOG_COMPILER_GLOBAL_ACCENT_COLOR_NAME = AccentColor;
				CODE_SIGN_STYLE = Automatic;
				CURRENT_PROJECT_VERSION = 1;
				ENABLE_PREVIEWS = YES;
				GENERATE_INFOPLIST_FILE = YES;
				INFOPLIST_KEY_UIApplicationSceneManifest_Generation = YES;
				INFOPLIST_KEY_UIApplicationSupportsIndirectInputEvents = YES;
				INFOPLIST_KEY_UILaunchScreen_Generation = YES;
				INFOPLIST_KEY_UISupportedInterfaceOrientations_iPad = "UIInterfaceOrientationPortrait UIInterfaceOrientationPortraitUpsideDown UIInterfaceOrientationLandscapeLeft UIInterfaceOrientationLandscapeRight";
				INFOPLIST_KEY_UISupportedInterfaceOrientations_iPhone = "UIInterfaceOrientationPortrait UIInterfaceOrientationLandscapeLeft UIInterfaceOrientationLandscapeRight";
				IPHONEOS_DEPLOYMENT_TARGET = 15.2;
				LD_RUNPATH_SEARCH_PATHS = (
					"$(inherited)",
					"@executable_path/Frameworks",
				);
				MARKETING_VERSION = 1.0;
				PRODUCT_BUNDLE_IDENTIFIER = com.iesb.ProjectIos;
				PRODUCT_NAME = ProjectIos;
				SDKROOT = iphoneos;
				SWIFT_EMIT_LOC_STRINGS = YES;
				SWIFT_VERSION = 5.0;
				TARGETED_DEVICE_FAMILY = "1,2";
			};
			name = Debug;
		};
		50B4E2752ACAD38E002647F0 /* Release */ = {
			isa = XCBuildConfiguration;
			buildSettings = {
				ASSETCATALOG_COMPILER_APPICON_NAME = AppIcon;
				ASSETCATALOG_COMPILER_GLOBAL_ACCENT_COLOR_NAME = AccentColor;
				CODE_SIGN_STYLE = Automatic;
				CURRENT_PROJECT_VERSION = 1;
				ENABLE_PREVIEWS = YES;
				GENERATE_INFOPLIST_FILE = YES;
				INFOPLIST_KEY_UIApplicationSceneManifest_Generation = YES;
				INFOPLIST_KEY_UIApplicationSupportsIndirectInputEvents = YES;
				INFOPLIST_KEY_UILaunchScreen_Generation = YES;
				INFOPLIST_KEY_UISupportedInterfaceOrientations_iPad = "UIInterfaceOrientationPortrait UIInterfaceOrientationPortraitUpsideDown UIInterfaceOrientationLandscapeLeft UIInterfaceOrientationLandscapeRight";
				INFOPLIST_KEY_UISupportedInterfaceOrientations_iPhone = "UIInterfaceOrientationPortrait UIInterfaceOrientationLandscapeLeft UIInterfaceOrientationLandscapeRight";
				IPHONEOS_DEPLOYMENT_TARGET = 15.2;
				LD_RUNPATH_SEARCH_PATHS = (
					"$(inherited)",
					"@executable_path/Frameworks",
				);
				MARKETING_VERSION = 1.0;
				PRODUCT_BUNDLE_IDENTIFIER = com.iesb.ProjectIos;
				PRODUCT_NAME = ProjectIos;
				SDKROOT = iphoneos;
				SWIFT_EMIT_LOC_STRINGS = YES;
				SWIFT_VERSION = 5.0;
				TARGETED_DEVICE_FAMILY = "1,2";
				VALIDATE_PRODUCT = YES;
			};
			name = Release;
		};
		50B4E2772ACAD38E002647F0 /* Debug */ = {
			isa = XCBuildConfiguration;
			buildSettings = {
				ASSETCATALOG_COMPILER_APPICON_NAME = AppIcon;
				ASSETCATALOG_COMPILER_GLOBAL_ACCENT_COLOR_NAME = AccentColor;
				CODE_SIGN_ENTITLEMENTS = macOS/macOS.entitlements;
				CODE_SIGN_STYLE = Automatic;
				COMBINE_HIDPI_IMAGES = YES;
				CURRENT_PROJECT_VERSION = 1;
				ENABLE_PREVIEWS = YES;
				GENERATE_INFOPLIST_FILE = YES;
				INFOPLIST_KEY_NSHumanReadableCopyright = "";
				LD_RUNPATH_SEARCH_PATHS = (
					"$(inherited)",
					"@executable_path/../Frameworks",
				);
				MACOSX_DEPLOYMENT_TARGET = 11.6;
				MARKETING_VERSION = 1.0;
				PRODUCT_BUNDLE_IDENTIFIER = com.iesb.ProjectIos;
				PRODUCT_NAME = ProjectIos;
				SDKROOT = macosx;
				SWIFT_EMIT_LOC_STRINGS = YES;
				SWIFT_VERSION = 5.0;
			};
			name = Debug;
		};
		50B4E2782ACAD38E002647F0 /* Release */ = {
			isa = XCBuildConfiguration;
			buildSettings = {
				ASSETCATALOG_COMPILER_APPICON_NAME = AppIcon;
				ASSETCATALOG_COMPILER_GLOBAL_ACCENT_COLOR_NAME = AccentColor;
				CODE_SIGN_ENTITLEMENTS = macOS/macOS.entitlements;
				CODE_SIGN_STYLE = Automatic;
				COMBINE_HIDPI_IMAGES = YES;
				CURRENT_PROJECT_VERSION = 1;
				ENABLE_PREVIEWS = YES;
				GENERATE_INFOPLIST_FILE = YES;
				INFOPLIST_KEY_NSHumanReadableCopyright = "";
				LD_RUNPATH_SEARCH_PATHS = (
					"$(inherited)",
					"@executable_path/../Frameworks",
				);
				MACOSX_DEPLOYMENT_TARGET = 11.6;
				MARKETING_VERSION = 1.0;
				PRODUCT_BUNDLE_IDENTIFIER = com.iesb.ProjectIos;
				PRODUCT_NAME = ProjectIos;
				SDKROOT = macosx;
				SWIFT_EMIT_LOC_STRINGS = YES;
				SWIFT_VERSION = 5.0;
			};
			name = Release;
		};
/* End XCBuildConfiguration section */

/* Begin XCConfigurationList section */
		50B4E2592ACAD38D002647F0 /* Build configuration list for PBXProject "ProjectIos" */ = {
			isa = XCConfigurationList;
			buildConfigurations = (
				50B4E2712ACAD38E002647F0 /* Debug */,
				50B4E2722ACAD38E002647F0 /* Release */,
			);
			defaultConfigurationIsVisible = 0;
			defaultConfigurationName = Release;
		};
		50B4E2732ACAD38E002647F0 /* Build configuration list for PBXNativeTarget "ProjectIos (iOS)" */ = {
			isa = XCConfigurationList;
			buildConfigurations = (
				50B4E2742ACAD38E002647F0 /* Debug */,
				50B4E2752ACAD38E002647F0 /* Release */,
			);
			defaultConfigurationIsVisible = 0;
			defaultConfigurationName = Release;
		};
		50B4E2762ACAD38E002647F0 /* Build configuration list for PBXNativeTarget "ProjectIos (macOS)" */ = {
			isa = XCConfigurationList;
			buildConfigurations = (
				50B4E2772ACAD38E002647F0 /* Debug */,
				50B4E2782ACAD38E002647F0 /* Release */,
			);
			defaultConfigurationIsVisible = 0;
			defaultConfigurationName = Release;
		};
/* End XCConfigurationList section */
	};
	rootObject = 50B4E2562ACAD38D002647F0 /* Project object */;
}
